// !$*UTF8*$!
{
	archiveVersion = 1;
	classes = {
	};
	objectVersion = 50;
	objects = {

/* Begin PBXBuildFile section */
		2CCFC57987AF6531F6C33973 /* Pods_FeelingUITests.framework in Frameworks */ = {isa = PBXBuildFile; fileRef = 359D4B6E2A12D17DE7F34A8C /* Pods_FeelingUITests.framework */; };
		A8B0B5BB5592DB156FEBBA40 /* Pods_Feeling.framework in Frameworks */ = {isa = PBXBuildFile; fileRef = C392B96CEC0F4564053D89BF /* Pods_Feeling.framework */; };
		B602DE3621333D0900CBFA64 /* CoreLocation.framework in Frameworks */ = {isa = PBXBuildFile; fileRef = B602DE3521333D0900CBFA64 /* CoreLocation.framework */; };
		B6383B282147E6D2000680C9 /* UIColor+Pallete.swift in Sources */ = {isa = PBXBuildFile; fileRef = B6383B272147E6D2000680C9 /* UIColor+Pallete.swift */; };
		B6383B2A214EA742000680C9 /* PartyTypeClass.swift in Sources */ = {isa = PBXBuildFile; fileRef = B6383B29214EA742000680C9 /* PartyTypeClass.swift */; };
		B6383B3621546C9C000680C9 /* UITableViewHeader+Identifier.swift in Sources */ = {isa = PBXBuildFile; fileRef = B6383B3521546C9C000680C9 /* UITableViewHeader+Identifier.swift */; };
		B6383B3821547ED6000680C9 /* PartyListCellViewController.swift in Sources */ = {isa = PBXBuildFile; fileRef = B6383B3721547ED6000680C9 /* PartyListCellViewController.swift */; };
		B6383B3C21549CA8000680C9 /* SettingsViewController.swift in Sources */ = {isa = PBXBuildFile; fileRef = B6383B3B21549CA8000680C9 /* SettingsViewController.swift */; };
		B6383B3E2154B452000680C9 /* PartyListHeader.swift in Sources */ = {isa = PBXBuildFile; fileRef = B6383B3D2154B451000680C9 /* PartyListHeader.swift */; };
		B6383B402154B791000680C9 /* PartyListCellViewController.xib in Resources */ = {isa = PBXBuildFile; fileRef = B6383B3F2154B791000680C9 /* PartyListCellViewController.xib */; };
		B6589B552129D052003E1205 /* AppDelegate.swift in Sources */ = {isa = PBXBuildFile; fileRef = B6589B542129D052003E1205 /* AppDelegate.swift */; };
		B6589B5A2129D052003E1205 /* Main.storyboard in Resources */ = {isa = PBXBuildFile; fileRef = B6589B582129D052003E1205 /* Main.storyboard */; };
		B6589B5C2129D05A003E1205 /* Assets.xcassets in Resources */ = {isa = PBXBuildFile; fileRef = B6589B5B2129D05A003E1205 /* Assets.xcassets */; };
		B6589B5F2129D05A003E1205 /* LaunchScreen.storyboard in Resources */ = {isa = PBXBuildFile; fileRef = B6589B5D2129D05A003E1205 /* LaunchScreen.storyboard */; };
		B6589B6A2129D05A003E1205 /* FeelingTests.swift in Sources */ = {isa = PBXBuildFile; fileRef = B6589B692129D05A003E1205 /* FeelingTests.swift */; };
		B6589B752129D05A003E1205 /* FeelingUITests.swift in Sources */ = {isa = PBXBuildFile; fileRef = B6589B742129D05A003E1205 /* FeelingUITests.swift */; };
		B6589B862129D9CF003E1205 /* RoudedButton.swift in Sources */ = {isa = PBXBuildFile; fileRef = B6589B852129D9CF003E1205 /* RoudedButton.swift */; };
		B6589B8A212A1A2C003E1205 /* SignUpViewController.swift in Sources */ = {isa = PBXBuildFile; fileRef = B6589B89212A1A2C003E1205 /* SignUpViewController.swift */; };
		B6589B8C2132F098003E1205 /* LoginViewController.swift in Sources */ = {isa = PBXBuildFile; fileRef = B6589B8B2132F098003E1205 /* LoginViewController.swift */; };
		B6589B8E21330BCB003E1205 /* LocationViewController.swift in Sources */ = {isa = PBXBuildFile; fileRef = B6589B8D21330BCB003E1205 /* LocationViewController.swift */; };
		B6CC816821364266008BDF9F /* MainViewController.swift in Sources */ = {isa = PBXBuildFile; fileRef = B6CC816721364266008BDF9F /* MainViewController.swift */; };
		B6CC816B2136E653008BDF9F /* PartyListViewController.swift in Sources */ = {isa = PBXBuildFile; fileRef = B6CC81692136E653008BDF9F /* PartyListViewController.swift */; };
		B6CC8172213715B0008BDF9F /* CreatePartyViewController.swift in Sources */ = {isa = PBXBuildFile; fileRef = B6CC8171213715B0008BDF9F /* CreatePartyViewController.swift */; };
		B6CC819121471C88008BDF9F /* UITableViewCell+Identifiable.swift in Sources */ = {isa = PBXBuildFile; fileRef = B6CC819021471C88008BDF9F /* UITableViewCell+Identifiable.swift */; };
		D0F36BB3E1CE2E07B7D2BB7C /* Pods_FeelingTests.framework in Frameworks */ = {isa = PBXBuildFile; fileRef = B39EEA11F6811566C35C89E5 /* Pods_FeelingTests.framework */; };
/* End PBXBuildFile section */

/* Begin PBXContainerItemProxy section */
		B6589B662129D05A003E1205 /* PBXContainerItemProxy */ = {
			isa = PBXContainerItemProxy;
			containerPortal = B6589B492129D052003E1205 /* Project object */;
			proxyType = 1;
			remoteGlobalIDString = B6589B502129D052003E1205;
			remoteInfo = Feeling;
		};
		B6589B712129D05A003E1205 /* PBXContainerItemProxy */ = {
			isa = PBXContainerItemProxy;
			containerPortal = B6589B492129D052003E1205 /* Project object */;
			proxyType = 1;
			remoteGlobalIDString = B6589B502129D052003E1205;
			remoteInfo = Feeling;
		};
/* End PBXContainerItemProxy section */

/* Begin PBXFileReference section */
		359D4B6E2A12D17DE7F34A8C /* Pods_FeelingUITests.framework */ = {isa = PBXFileReference; explicitFileType = wrapper.framework; includeInIndex = 0; path = Pods_FeelingUITests.framework; sourceTree = BUILT_PRODUCTS_DIR; };
		5D597D38F6B6590AC6B69B3B /* Pods-FeelingUITests.debug.xcconfig */ = {isa = PBXFileReference; includeInIndex = 1; lastKnownFileType = text.xcconfig; name = "Pods-FeelingUITests.debug.xcconfig"; path = "Pods/Target Support Files/Pods-FeelingUITests/Pods-FeelingUITests.debug.xcconfig"; sourceTree = "<group>"; };
		73BCC9A62DE65B36CC8EC52E /* Pods-Feeling.release.xcconfig */ = {isa = PBXFileReference; includeInIndex = 1; lastKnownFileType = text.xcconfig; name = "Pods-Feeling.release.xcconfig"; path = "Pods/Target Support Files/Pods-Feeling/Pods-Feeling.release.xcconfig"; sourceTree = "<group>"; };
		9A231B941D2FCA939C142F2E /* Pods-Feeling.debug.xcconfig */ = {isa = PBXFileReference; includeInIndex = 1; lastKnownFileType = text.xcconfig; name = "Pods-Feeling.debug.xcconfig"; path = "Pods/Target Support Files/Pods-Feeling/Pods-Feeling.debug.xcconfig"; sourceTree = "<group>"; };
		B39EEA11F6811566C35C89E5 /* Pods_FeelingTests.framework */ = {isa = PBXFileReference; explicitFileType = wrapper.framework; includeInIndex = 0; path = Pods_FeelingTests.framework; sourceTree = BUILT_PRODUCTS_DIR; };
		B602DE3521333D0900CBFA64 /* CoreLocation.framework */ = {isa = PBXFileReference; lastKnownFileType = wrapper.framework; name = CoreLocation.framework; path = System/Library/Frameworks/CoreLocation.framework; sourceTree = SDKROOT; };
		B6383B272147E6D2000680C9 /* UIColor+Pallete.swift */ = {isa = PBXFileReference; lastKnownFileType = sourcecode.swift; path = "UIColor+Pallete.swift"; sourceTree = "<group>"; };
		B6383B29214EA742000680C9 /* PartyTypeClass.swift */ = {isa = PBXFileReference; lastKnownFileType = sourcecode.swift; path = PartyTypeClass.swift; sourceTree = "<group>"; };
		B6383B3521546C9C000680C9 /* UITableViewHeader+Identifier.swift */ = {isa = PBXFileReference; lastKnownFileType = sourcecode.swift; path = "UITableViewHeader+Identifier.swift"; sourceTree = "<group>"; };
		B6383B3721547ED6000680C9 /* PartyListCellViewController.swift */ = {isa = PBXFileReference; fileEncoding = 4; lastKnownFileType = sourcecode.swift; path = PartyListCellViewController.swift; sourceTree = "<group>"; };
		B6383B3B21549CA8000680C9 /* SettingsViewController.swift */ = {isa = PBXFileReference; lastKnownFileType = sourcecode.swift; path = SettingsViewController.swift; sourceTree = "<group>"; };
		B6383B3D2154B451000680C9 /* PartyListHeader.swift */ = {isa = PBXFileReference; fileEncoding = 4; lastKnownFileType = sourcecode.swift; path = PartyListHeader.swift; sourceTree = "<group>"; };
		B6383B3F2154B791000680C9 /* PartyListCellViewController.xib */ = {isa = PBXFileReference; fileEncoding = 4; lastKnownFileType = file.xib; path = PartyListCellViewController.xib; sourceTree = "<group>"; };
		B6589B512129D052003E1205 /* Feeling.app */ = {isa = PBXFileReference; explicitFileType = wrapper.application; includeInIndex = 0; path = Feeling.app; sourceTree = BUILT_PRODUCTS_DIR; };
		B6589B542129D052003E1205 /* AppDelegate.swift */ = {isa = PBXFileReference; lastKnownFileType = sourcecode.swift; path = AppDelegate.swift; sourceTree = "<group>"; };
		B6589B592129D052003E1205 /* Base */ = {isa = PBXFileReference; lastKnownFileType = file.storyboard; name = Base; path = Base.lproj/Main.storyboard; sourceTree = "<group>"; };
		B6589B5B2129D05A003E1205 /* Assets.xcassets */ = {isa = PBXFileReference; lastKnownFileType = folder.assetcatalog; path = Assets.xcassets; sourceTree = "<group>"; };
		B6589B5E2129D05A003E1205 /* Base */ = {isa = PBXFileReference; lastKnownFileType = file.storyboard; name = Base; path = Base.lproj/LaunchScreen.storyboard; sourceTree = "<group>"; };
		B6589B602129D05A003E1205 /* Info.plist */ = {isa = PBXFileReference; lastKnownFileType = text.plist.xml; path = Info.plist; sourceTree = "<group>"; };
		B6589B652129D05A003E1205 /* FeelingTests.xctest */ = {isa = PBXFileReference; explicitFileType = wrapper.cfbundle; includeInIndex = 0; path = FeelingTests.xctest; sourceTree = BUILT_PRODUCTS_DIR; };
		B6589B692129D05A003E1205 /* FeelingTests.swift */ = {isa = PBXFileReference; lastKnownFileType = sourcecode.swift; path = FeelingTests.swift; sourceTree = "<group>"; };
		B6589B6B2129D05A003E1205 /* Info.plist */ = {isa = PBXFileReference; lastKnownFileType = text.plist.xml; path = Info.plist; sourceTree = "<group>"; };
		B6589B702129D05A003E1205 /* FeelingUITests.xctest */ = {isa = PBXFileReference; explicitFileType = wrapper.cfbundle; includeInIndex = 0; path = FeelingUITests.xctest; sourceTree = BUILT_PRODUCTS_DIR; };
		B6589B742129D05A003E1205 /* FeelingUITests.swift */ = {isa = PBXFileReference; lastKnownFileType = sourcecode.swift; path = FeelingUITests.swift; sourceTree = "<group>"; };
		B6589B762129D05A003E1205 /* Info.plist */ = {isa = PBXFileReference; lastKnownFileType = text.plist.xml; path = Info.plist; sourceTree = "<group>"; };
		B6589B852129D9CF003E1205 /* RoudedButton.swift */ = {isa = PBXFileReference; lastKnownFileType = sourcecode.swift; path = RoudedButton.swift; sourceTree = "<group>"; };
		B6589B89212A1A2C003E1205 /* SignUpViewController.swift */ = {isa = PBXFileReference; lastKnownFileType = sourcecode.swift; path = SignUpViewController.swift; sourceTree = "<group>"; };
		B6589B8B2132F098003E1205 /* LoginViewController.swift */ = {isa = PBXFileReference; lastKnownFileType = sourcecode.swift; path = LoginViewController.swift; sourceTree = "<group>"; };
		B6589B8D21330BCB003E1205 /* LocationViewController.swift */ = {isa = PBXFileReference; lastKnownFileType = sourcecode.swift; path = LocationViewController.swift; sourceTree = "<group>"; };
		B6CC816721364266008BDF9F /* MainViewController.swift */ = {isa = PBXFileReference; lastKnownFileType = sourcecode.swift; path = MainViewController.swift; sourceTree = "<group>"; };
		B6CC81692136E653008BDF9F /* PartyListViewController.swift */ = {isa = PBXFileReference; lastKnownFileType = sourcecode.swift; path = PartyListViewController.swift; sourceTree = "<group>"; };
		B6CC8171213715B0008BDF9F /* CreatePartyViewController.swift */ = {isa = PBXFileReference; lastKnownFileType = sourcecode.swift; path = CreatePartyViewController.swift; sourceTree = "<group>"; };
		B6CC819021471C88008BDF9F /* UITableViewCell+Identifiable.swift */ = {isa = PBXFileReference; lastKnownFileType = sourcecode.swift; path = "UITableViewCell+Identifiable.swift"; sourceTree = "<group>"; };
		C0775D23AD9762E964ADCF9E /* Pods-FeelingTests.release.xcconfig */ = {isa = PBXFileReference; includeInIndex = 1; lastKnownFileType = text.xcconfig; name = "Pods-FeelingTests.release.xcconfig"; path = "Pods/Target Support Files/Pods-FeelingTests/Pods-FeelingTests.release.xcconfig"; sourceTree = "<group>"; };
		C392B96CEC0F4564053D89BF /* Pods_Feeling.framework */ = {isa = PBXFileReference; explicitFileType = wrapper.framework; includeInIndex = 0; path = Pods_Feeling.framework; sourceTree = BUILT_PRODUCTS_DIR; };
		D4352E72E8558E67C93520FD /* Pods-FeelingUITests.release.xcconfig */ = {isa = PBXFileReference; includeInIndex = 1; lastKnownFileType = text.xcconfig; name = "Pods-FeelingUITests.release.xcconfig"; path = "Pods/Target Support Files/Pods-FeelingUITests/Pods-FeelingUITests.release.xcconfig"; sourceTree = "<group>"; };
		EC8BE3E5835CB824CFCD2E7F /* Pods-FeelingTests.debug.xcconfig */ = {isa = PBXFileReference; includeInIndex = 1; lastKnownFileType = text.xcconfig; name = "Pods-FeelingTests.debug.xcconfig"; path = "Pods/Target Support Files/Pods-FeelingTests/Pods-FeelingTests.debug.xcconfig"; sourceTree = "<group>"; };
/* End PBXFileReference section */

/* Begin PBXFrameworksBuildPhase section */
		B6589B4E2129D052003E1205 /* Frameworks */ = {
			isa = PBXFrameworksBuildPhase;
			buildActionMask = 2147483647;
			files = (
				B602DE3621333D0900CBFA64 /* CoreLocation.framework in Frameworks */,
				A8B0B5BB5592DB156FEBBA40 /* Pods_Feeling.framework in Frameworks */,
			);
			runOnlyForDeploymentPostprocessing = 0;
		};
		B6589B622129D05A003E1205 /* Frameworks */ = {
			isa = PBXFrameworksBuildPhase;
			buildActionMask = 2147483647;
			files = (
				D0F36BB3E1CE2E07B7D2BB7C /* Pods_FeelingTests.framework in Frameworks */,
			);
			runOnlyForDeploymentPostprocessing = 0;
		};
		B6589B6D2129D05A003E1205 /* Frameworks */ = {
			isa = PBXFrameworksBuildPhase;
			buildActionMask = 2147483647;
			files = (
				2CCFC57987AF6531F6C33973 /* Pods_FeelingUITests.framework in Frameworks */,
			);
			runOnlyForDeploymentPostprocessing = 0;
		};
/* End PBXFrameworksBuildPhase section */

/* Begin PBXGroup section */
		1E01483CB4D931BC95234F32 /* Frameworks */ = {
			isa = PBXGroup;
			children = (
				B602DE3521333D0900CBFA64 /* CoreLocation.framework */,
				C392B96CEC0F4564053D89BF /* Pods_Feeling.framework */,
				B39EEA11F6811566C35C89E5 /* Pods_FeelingTests.framework */,
				359D4B6E2A12D17DE7F34A8C /* Pods_FeelingUITests.framework */,
			);
			name = Frameworks;
			sourceTree = "<group>";
		};
		3EB366A03F0D15A0B7E68CB7 /* Pods */ = {
			isa = PBXGroup;
			children = (
				9A231B941D2FCA939C142F2E /* Pods-Feeling.debug.xcconfig */,
				73BCC9A62DE65B36CC8EC52E /* Pods-Feeling.release.xcconfig */,
				EC8BE3E5835CB824CFCD2E7F /* Pods-FeelingTests.debug.xcconfig */,
				C0775D23AD9762E964ADCF9E /* Pods-FeelingTests.release.xcconfig */,
				5D597D38F6B6590AC6B69B3B /* Pods-FeelingUITests.debug.xcconfig */,
				D4352E72E8558E67C93520FD /* Pods-FeelingUITests.release.xcconfig */,
			);
			name = Pods;
			sourceTree = "<group>";
		};
		B6589B482129D052003E1205 = {
			isa = PBXGroup;
			children = (
				B6589B532129D052003E1205 /* Feeling */,
				B6589B682129D05A003E1205 /* FeelingTests */,
				B6589B732129D05A003E1205 /* FeelingUITests */,
				B6589B522129D052003E1205 /* Products */,
				3EB366A03F0D15A0B7E68CB7 /* Pods */,
				1E01483CB4D931BC95234F32 /* Frameworks */,
			);
			sourceTree = "<group>";
		};
		B6589B522129D052003E1205 /* Products */ = {
			isa = PBXGroup;
			children = (
				B6589B512129D052003E1205 /* Feeling.app */,
				B6589B652129D05A003E1205 /* FeelingTests.xctest */,
				B6589B702129D05A003E1205 /* FeelingUITests.xctest */,
			);
			name = Products;
			sourceTree = "<group>";
		};
		B6589B532129D052003E1205 /* Feeling */ = {
			isa = PBXGroup;
			children = (
				B6589B842129D9A8003E1205 /* Controller */,
				B6589B832129D9A1003E1205 /* View */,
				B6589B822129D98E003E1205 /* Model */,
				B6589B5B2129D05A003E1205 /* Assets.xcassets */,
				B6589B602129D05A003E1205 /* Info.plist */,
			);
			path = Feeling;
			sourceTree = "<group>";
		};
		B6589B682129D05A003E1205 /* FeelingTests */ = {
			isa = PBXGroup;
			children = (
				B6589B692129D05A003E1205 /* FeelingTests.swift */,
				B6589B6B2129D05A003E1205 /* Info.plist */,
			);
			path = FeelingTests;
			sourceTree = "<group>";
		};
		B6589B732129D05A003E1205 /* FeelingUITests */ = {
			isa = PBXGroup;
			children = (
				B6589B742129D05A003E1205 /* FeelingUITests.swift */,
				B6589B762129D05A003E1205 /* Info.plist */,
			);
			path = FeelingUITests;
			sourceTree = "<group>";
		};
		B6589B822129D98E003E1205 /* Model */ = {
			isa = PBXGroup;
			children = (
				B6589B542129D052003E1205 /* AppDelegate.swift */,
				B6589B852129D9CF003E1205 /* RoudedButton.swift */,
				B6CC819021471C88008BDF9F /* UITableViewCell+Identifiable.swift */,
				B6383B272147E6D2000680C9 /* UIColor+Pallete.swift */,
				B6383B3521546C9C000680C9 /* UITableViewHeader+Identifier.swift */,
			);
			path = Model;
			sourceTree = "<group>";
		};
		B6589B832129D9A1003E1205 /* View */ = {
			isa = PBXGroup;
			children = (
				B6589B582129D052003E1205 /* Main.storyboard */,
				B6383B3F2154B791000680C9 /* PartyListCellViewController.xib */,
				B6589B5D2129D05A003E1205 /* LaunchScreen.storyboard */,
			);
			path = View;
			sourceTree = "<group>";
		};
		B6589B842129D9A8003E1205 /* Controller */ = {
			isa = PBXGroup;
			children = (
				B6589B89212A1A2C003E1205 /* SignUpViewController.swift */,
				B6589B8B2132F098003E1205 /* LoginViewController.swift */,
				B6589B8D21330BCB003E1205 /* LocationViewController.swift */,
				B6CC816721364266008BDF9F /* MainViewController.swift */,
				B6CC81692136E653008BDF9F /* PartyListViewController.swift */,
				B6CC8171213715B0008BDF9F /* CreatePartyViewController.swift */,
				B6383B3721547ED6000680C9 /* PartyListCellViewController.swift */,
				B6383B29214EA742000680C9 /* PartyTypeClass.swift */,
				B6383B3D2154B451000680C9 /* PartyListHeader.swift */,
				B6383B3B21549CA8000680C9 /* SettingsViewController.swift */,
			);
			path = Controller;
			sourceTree = "<group>";
		};
/* End PBXGroup section */

/* Begin PBXNativeTarget section */
		B6589B502129D052003E1205 /* Feeling */ = {
			isa = PBXNativeTarget;
			buildConfigurationList = B6589B792129D05A003E1205 /* Build configuration list for PBXNativeTarget "Feeling" */;
			buildPhases = (
				26770F8B83EC084DE46A18D8 /* [CP] Check Pods Manifest.lock */,
				B6589B4D2129D052003E1205 /* Sources */,
				B6589B4E2129D052003E1205 /* Frameworks */,
				B6589B4F2129D052003E1205 /* Resources */,
				9C00B79618CBA432E1EA3153 /* [CP] Embed Pods Frameworks */,
			);
			buildRules = (
			);
			dependencies = (
			);
			name = Feeling;
			productName = Feeling;
			productReference = B6589B512129D052003E1205 /* Feeling.app */;
			productType = "com.apple.product-type.application";
		};
		B6589B642129D05A003E1205 /* FeelingTests */ = {
			isa = PBXNativeTarget;
			buildConfigurationList = B6589B7C2129D05A003E1205 /* Build configuration list for PBXNativeTarget "FeelingTests" */;
			buildPhases = (
				DC3395C71A6E6331FE6AAC9B /* [CP] Check Pods Manifest.lock */,
				B6589B612129D05A003E1205 /* Sources */,
				B6589B622129D05A003E1205 /* Frameworks */,
				B6589B632129D05A003E1205 /* Resources */,
			);
			buildRules = (
			);
			dependencies = (
				B6589B672129D05A003E1205 /* PBXTargetDependency */,
			);
			name = FeelingTests;
			productName = FeelingTests;
			productReference = B6589B652129D05A003E1205 /* FeelingTests.xctest */;
			productType = "com.apple.product-type.bundle.unit-test";
		};
		B6589B6F2129D05A003E1205 /* FeelingUITests */ = {
			isa = PBXNativeTarget;
			buildConfigurationList = B6589B7F2129D05A003E1205 /* Build configuration list for PBXNativeTarget "FeelingUITests" */;
			buildPhases = (
				C7BE79F449BD5F141800E3F5 /* [CP] Check Pods Manifest.lock */,
				B6589B6C2129D05A003E1205 /* Sources */,
				B6589B6D2129D05A003E1205 /* Frameworks */,
				B6589B6E2129D05A003E1205 /* Resources */,
			);
			buildRules = (
			);
			dependencies = (
				B6589B722129D05A003E1205 /* PBXTargetDependency */,
			);
			name = FeelingUITests;
			productName = FeelingUITests;
			productReference = B6589B702129D05A003E1205 /* FeelingUITests.xctest */;
			productType = "com.apple.product-type.bundle.ui-testing";
		};
/* End PBXNativeTarget section */

/* Begin PBXProject section */
		B6589B492129D052003E1205 /* Project object */ = {
			isa = PBXProject;
			attributes = {
				LastSwiftUpdateCheck = 0940;
				LastUpgradeCheck = 0940;
				ORGANIZATIONNAME = "Douglas Schiavi";
				TargetAttributes = {
					B6589B502129D052003E1205 = {
						CreatedOnToolsVersion = 9.4.1;
						LastSwiftMigration = 1010;
					};
					B6589B642129D05A003E1205 = {
						CreatedOnToolsVersion = 9.4.1;
						LastSwiftMigration = 1010;
						TestTargetID = B6589B502129D052003E1205;
					};
					B6589B6F2129D05A003E1205 = {
						CreatedOnToolsVersion = 9.4.1;
						LastSwiftMigration = 1010;
						TestTargetID = B6589B502129D052003E1205;
					};
				};
			};
			buildConfigurationList = B6589B4C2129D052003E1205 /* Build configuration list for PBXProject "Feeling" */;
			compatibilityVersion = "Xcode 9.3";
			developmentRegion = en;
			hasScannedForEncodings = 0;
			knownRegions = (
				en,
				Base,
			);
			mainGroup = B6589B482129D052003E1205;
			productRefGroup = B6589B522129D052003E1205 /* Products */;
			projectDirPath = "";
			projectRoot = "";
			targets = (
				B6589B502129D052003E1205 /* Feeling */,
				B6589B642129D05A003E1205 /* FeelingTests */,
				B6589B6F2129D05A003E1205 /* FeelingUITests */,
			);
		};
/* End PBXProject section */

/* Begin PBXResourcesBuildPhase section */
		B6589B4F2129D052003E1205 /* Resources */ = {
			isa = PBXResourcesBuildPhase;
			buildActionMask = 2147483647;
			files = (
				B6589B5F2129D05A003E1205 /* LaunchScreen.storyboard in Resources */,
				B6589B5C2129D05A003E1205 /* Assets.xcassets in Resources */,
				B6589B5A2129D052003E1205 /* Main.storyboard in Resources */,
				B6383B402154B791000680C9 /* PartyListCellViewController.xib in Resources */,
			);
			runOnlyForDeploymentPostprocessing = 0;
		};
		B6589B632129D05A003E1205 /* Resources */ = {
			isa = PBXResourcesBuildPhase;
			buildActionMask = 2147483647;
			files = (
			);
			runOnlyForDeploymentPostprocessing = 0;
		};
		B6589B6E2129D05A003E1205 /* Resources */ = {
			isa = PBXResourcesBuildPhase;
			buildActionMask = 2147483647;
			files = (
			);
			runOnlyForDeploymentPostprocessing = 0;
		};
/* End PBXResourcesBuildPhase section */

/* Begin PBXShellScriptBuildPhase section */
		26770F8B83EC084DE46A18D8 /* [CP] Check Pods Manifest.lock */ = {
			isa = PBXShellScriptBuildPhase;
			buildActionMask = 2147483647;
			files = (
			);
			inputPaths = (
				"${PODS_PODFILE_DIR_PATH}/Podfile.lock",
				"${PODS_ROOT}/Manifest.lock",
			);
			name = "[CP] Check Pods Manifest.lock";
			outputPaths = (
				"$(DERIVED_FILE_DIR)/Pods-Feeling-checkManifestLockResult.txt",
			);
			runOnlyForDeploymentPostprocessing = 0;
			shellPath = /bin/sh;
			shellScript = "diff \"${PODS_PODFILE_DIR_PATH}/Podfile.lock\" \"${PODS_ROOT}/Manifest.lock\" > /dev/null\nif [ $? != 0 ] ; then\n    # print error to STDERR\n    echo \"error: The sandbox is not in sync with the Podfile.lock. Run 'pod install' or update your CocoaPods installation.\" >&2\n    exit 1\nfi\n# This output is used by Xcode 'outputs' to avoid re-running this script phase.\necho \"SUCCESS\" > \"${SCRIPT_OUTPUT_FILE_0}\"\n";
			showEnvVarsInLog = 0;
		};
		9C00B79618CBA432E1EA3153 /* [CP] Embed Pods Frameworks */ = {
			isa = PBXShellScriptBuildPhase;
			buildActionMask = 2147483647;
			files = (
			);
			inputPaths = (
				"${SRCROOT}/Pods/Target Support Files/Pods-Feeling/Pods-Feeling-frameworks.sh",
				"${BUILT_PRODUCTS_DIR}/Alamofire/Alamofire.framework",
				"${BUILT_PRODUCTS_DIR}/EZForm/EZForm.framework",
				"${BUILT_PRODUCTS_DIR}/Moya/Moya.framework",
				"${BUILT_PRODUCTS_DIR}/Result/Result.framework",
			);
			name = "[CP] Embed Pods Frameworks";
			outputPaths = (
				"${TARGET_BUILD_DIR}/${FRAMEWORKS_FOLDER_PATH}/Alamofire.framework",
				"${TARGET_BUILD_DIR}/${FRAMEWORKS_FOLDER_PATH}/EZForm.framework",
				"${TARGET_BUILD_DIR}/${FRAMEWORKS_FOLDER_PATH}/Moya.framework",
				"${TARGET_BUILD_DIR}/${FRAMEWORKS_FOLDER_PATH}/Result.framework",
			);
			runOnlyForDeploymentPostprocessing = 0;
			shellPath = /bin/sh;
			shellScript = "\"${SRCROOT}/Pods/Target Support Files/Pods-Feeling/Pods-Feeling-frameworks.sh\"\n";
			showEnvVarsInLog = 0;
		};
		C7BE79F449BD5F141800E3F5 /* [CP] Check Pods Manifest.lock */ = {
			isa = PBXShellScriptBuildPhase;
			buildActionMask = 2147483647;
			files = (
			);
			inputPaths = (
				"${PODS_PODFILE_DIR_PATH}/Podfile.lock",
				"${PODS_ROOT}/Manifest.lock",
			);
			name = "[CP] Check Pods Manifest.lock";
			outputPaths = (
				"$(DERIVED_FILE_DIR)/Pods-FeelingUITests-checkManifestLockResult.txt",
			);
			runOnlyForDeploymentPostprocessing = 0;
			shellPath = /bin/sh;
			shellScript = "diff \"${PODS_PODFILE_DIR_PATH}/Podfile.lock\" \"${PODS_ROOT}/Manifest.lock\" > /dev/null\nif [ $? != 0 ] ; then\n    # print error to STDERR\n    echo \"error: The sandbox is not in sync with the Podfile.lock. Run 'pod install' or update your CocoaPods installation.\" >&2\n    exit 1\nfi\n# This output is used by Xcode 'outputs' to avoid re-running this script phase.\necho \"SUCCESS\" > \"${SCRIPT_OUTPUT_FILE_0}\"\n";
			showEnvVarsInLog = 0;
		};
		DC3395C71A6E6331FE6AAC9B /* [CP] Check Pods Manifest.lock */ = {
			isa = PBXShellScriptBuildPhase;
			buildActionMask = 2147483647;
			files = (
			);
			inputPaths = (
				"${PODS_PODFILE_DIR_PATH}/Podfile.lock",
				"${PODS_ROOT}/Manifest.lock",
			);
			name = "[CP] Check Pods Manifest.lock";
			outputPaths = (
				"$(DERIVED_FILE_DIR)/Pods-FeelingTests-checkManifestLockResult.txt",
			);
			runOnlyForDeploymentPostprocessing = 0;
			shellPath = /bin/sh;
			shellScript = "diff \"${PODS_PODFILE_DIR_PATH}/Podfile.lock\" \"${PODS_ROOT}/Manifest.lock\" > /dev/null\nif [ $? != 0 ] ; then\n    # print error to STDERR\n    echo \"error: The sandbox is not in sync with the Podfile.lock. Run 'pod install' or update your CocoaPods installation.\" >&2\n    exit 1\nfi\n# This output is used by Xcode 'outputs' to avoid re-running this script phase.\necho \"SUCCESS\" > \"${SCRIPT_OUTPUT_FILE_0}\"\n";
			showEnvVarsInLog = 0;
		};
/* End PBXShellScriptBuildPhase section */

/* Begin PBXSourcesBuildPhase section */
		B6589B4D2129D052003E1205 /* Sources */ = {
			isa = PBXSourcesBuildPhase;
			buildActionMask = 2147483647;
			files = (
				B6589B862129D9CF003E1205 /* RoudedButton.swift in Sources */,
				B6383B3821547ED6000680C9 /* PartyListCellViewController.swift in Sources */,
				B6383B3E2154B452000680C9 /* PartyListHeader.swift in Sources */,
				B6383B3621546C9C000680C9 /* UITableViewHeader+Identifier.swift in Sources */,
				B6589B8A212A1A2C003E1205 /* SignUpViewController.swift in Sources */,
				B6589B8E21330BCB003E1205 /* LocationViewController.swift in Sources */,
				B6383B2A214EA742000680C9 /* PartyTypeClass.swift in Sources */,
				B6CC816821364266008BDF9F /* MainViewController.swift in Sources */,
				B6CC819121471C88008BDF9F /* UITableViewCell+Identifiable.swift in Sources */,
				B6383B3C21549CA8000680C9 /* SettingsViewController.swift in Sources */,
				B6383B282147E6D2000680C9 /* UIColor+Pallete.swift in Sources */,
				B6589B8C2132F098003E1205 /* LoginViewController.swift in Sources */,
				B6CC8172213715B0008BDF9F /* CreatePartyViewController.swift in Sources */,
				B6589B552129D052003E1205 /* AppDelegate.swift in Sources */,
				B6CC816B2136E653008BDF9F /* PartyListViewController.swift in Sources */,
			);
			runOnlyForDeploymentPostprocessing = 0;
		};
		B6589B612129D05A003E1205 /* Sources */ = {
			isa = PBXSourcesBuildPhase;
			buildActionMask = 2147483647;
			files = (
				B6589B6A2129D05A003E1205 /* FeelingTests.swift in Sources */,
			);
			runOnlyForDeploymentPostprocessing = 0;
		};
		B6589B6C2129D05A003E1205 /* Sources */ = {
			isa = PBXSourcesBuildPhase;
			buildActionMask = 2147483647;
			files = (
				B6589B752129D05A003E1205 /* FeelingUITests.swift in Sources */,
			);
			runOnlyForDeploymentPostprocessing = 0;
		};
/* End PBXSourcesBuildPhase section */

/* Begin PBXTargetDependency section */
		B6589B672129D05A003E1205 /* PBXTargetDependency */ = {
			isa = PBXTargetDependency;
			target = B6589B502129D052003E1205 /* Feeling */;
			targetProxy = B6589B662129D05A003E1205 /* PBXContainerItemProxy */;
		};
		B6589B722129D05A003E1205 /* PBXTargetDependency */ = {
			isa = PBXTargetDependency;
			target = B6589B502129D052003E1205 /* Feeling */;
			targetProxy = B6589B712129D05A003E1205 /* PBXContainerItemProxy */;
		};
/* End PBXTargetDependency section */

/* Begin PBXVariantGroup section */
		B6589B582129D052003E1205 /* Main.storyboard */ = {
			isa = PBXVariantGroup;
			children = (
				B6589B592129D052003E1205 /* Base */,
			);
			name = Main.storyboard;
			sourceTree = "<group>";
		};
		B6589B5D2129D05A003E1205 /* LaunchScreen.storyboard */ = {
			isa = PBXVariantGroup;
			children = (
				B6589B5E2129D05A003E1205 /* Base */,
			);
			name = LaunchScreen.storyboard;
			sourceTree = "<group>";
		};
/* End PBXVariantGroup section */

/* Begin XCBuildConfiguration section */
		B6589B772129D05A003E1205 /* Debug */ = {
			isa = XCBuildConfiguration;
			buildSettings = {
				ALWAYS_SEARCH_USER_PATHS = NO;
				CLANG_ANALYZER_NONNULL = YES;
				CLANG_ANALYZER_NUMBER_OBJECT_CONVERSION = YES_AGGRESSIVE;
				CLANG_CXX_LANGUAGE_STANDARD = "gnu++14";
				CLANG_CXX_LIBRARY = "libc++";
				CLANG_ENABLE_MODULES = YES;
				CLANG_ENABLE_OBJC_ARC = YES;
				CLANG_ENABLE_OBJC_WEAK = YES;
				CLANG_WARN_BLOCK_CAPTURE_AUTORELEASING = YES;
				CLANG_WARN_BOOL_CONVERSION = YES;
				CLANG_WARN_COMMA = YES;
				CLANG_WARN_CONSTANT_CONVERSION = YES;
				CLANG_WARN_DEPRECATED_OBJC_IMPLEMENTATIONS = YES;
				CLANG_WARN_DIRECT_OBJC_ISA_USAGE = YES_ERROR;
				CLANG_WARN_DOCUMENTATION_COMMENTS = YES;
				CLANG_WARN_EMPTY_BODY = YES;
				CLANG_WARN_ENUM_CONVERSION = YES;
				CLANG_WARN_INFINITE_RECURSION = YES;
				CLANG_WARN_INT_CONVERSION = YES;
				CLANG_WARN_NON_LITERAL_NULL_CONVERSION = YES;
				CLANG_WARN_OBJC_IMPLICIT_RETAIN_SELF = YES;
				CLANG_WARN_OBJC_LITERAL_CONVERSION = YES;
				CLANG_WARN_OBJC_ROOT_CLASS = YES_ERROR;
				CLANG_WARN_RANGE_LOOP_ANALYSIS = YES;
				CLANG_WARN_STRICT_PROTOTYPES = YES;
				CLANG_WARN_SUSPICIOUS_MOVE = YES;
				CLANG_WARN_UNGUARDED_AVAILABILITY = YES_AGGRESSIVE;
				CLANG_WARN_UNREACHABLE_CODE = YES;
				CLANG_WARN__DUPLICATE_METHOD_MATCH = YES;
				CODE_SIGN_IDENTITY = "iPhone Developer";
				COPY_PHASE_STRIP = NO;
				DEBUG_INFORMATION_FORMAT = dwarf;
				ENABLE_STRICT_OBJC_MSGSEND = YES;
				ENABLE_TESTABILITY = YES;
				GCC_C_LANGUAGE_STANDARD = gnu11;
				GCC_DYNAMIC_NO_PIC = NO;
				GCC_NO_COMMON_BLOCKS = YES;
				GCC_OPTIMIZATION_LEVEL = 0;
				GCC_PREPROCESSOR_DEFINITIONS = (
					"DEBUG=1",
					"$(inherited)",
				);
				GCC_WARN_64_TO_32_BIT_CONVERSION = YES;
				GCC_WARN_ABOUT_RETURN_TYPE = YES_ERROR;
				GCC_WARN_UNDECLARED_SELECTOR = YES;
				GCC_WARN_UNINITIALIZED_AUTOS = YES_AGGRESSIVE;
				GCC_WARN_UNUSED_FUNCTION = YES;
				GCC_WARN_UNUSED_VARIABLE = YES;
				IPHONEOS_DEPLOYMENT_TARGET = 11.4;
				MTL_ENABLE_DEBUG_INFO = YES;
				ONLY_ACTIVE_ARCH = YES;
				SDKROOT = iphoneos;
				SWIFT_ACTIVE_COMPILATION_CONDITIONS = DEBUG;
				SWIFT_OPTIMIZATION_LEVEL = "-Onone";
			};
			name = Debug;
		};
		B6589B782129D05A003E1205 /* Release */ = {
			isa = XCBuildConfiguration;
			buildSettings = {
				ALWAYS_SEARCH_USER_PATHS = NO;
				CLANG_ANALYZER_NONNULL = YES;
				CLANG_ANALYZER_NUMBER_OBJECT_CONVERSION = YES_AGGRESSIVE;
				CLANG_CXX_LANGUAGE_STANDARD = "gnu++14";
				CLANG_CXX_LIBRARY = "libc++";
				CLANG_ENABLE_MODULES = YES;
				CLANG_ENABLE_OBJC_ARC = YES;
				CLANG_ENABLE_OBJC_WEAK = YES;
				CLANG_WARN_BLOCK_CAPTURE_AUTORELEASING = YES;
				CLANG_WARN_BOOL_CONVERSION = YES;
				CLANG_WARN_COMMA = YES;
				CLANG_WARN_CONSTANT_CONVERSION = YES;
				CLANG_WARN_DEPRECATED_OBJC_IMPLEMENTATIONS = YES;
				CLANG_WARN_DIRECT_OBJC_ISA_USAGE = YES_ERROR;
				CLANG_WARN_DOCUMENTATION_COMMENTS = YES;
				CLANG_WARN_EMPTY_BODY = YES;
				CLANG_WARN_ENUM_CONVERSION = YES;
				CLANG_WARN_INFINITE_RECURSION = YES;
				CLANG_WARN_INT_CONVERSION = YES;
				CLANG_WARN_NON_LITERAL_NULL_CONVERSION = YES;
				CLANG_WARN_OBJC_IMPLICIT_RETAIN_SELF = YES;
				CLANG_WARN_OBJC_LITERAL_CONVERSION = YES;
				CLANG_WARN_OBJC_ROOT_CLASS = YES_ERROR;
				CLANG_WARN_RANGE_LOOP_ANALYSIS = YES;
				CLANG_WARN_STRICT_PROTOTYPES = YES;
				CLANG_WARN_SUSPICIOUS_MOVE = YES;
				CLANG_WARN_UNGUARDED_AVAILABILITY = YES_AGGRESSIVE;
				CLANG_WARN_UNREACHABLE_CODE = YES;
				CLANG_WARN__DUPLICATE_METHOD_MATCH = YES;
				CODE_SIGN_IDENTITY = "iPhone Developer";
				COPY_PHASE_STRIP = NO;
				DEBUG_INFORMATION_FORMAT = "dwarf-with-dsym";
				ENABLE_NS_ASSERTIONS = NO;
				ENABLE_STRICT_OBJC_MSGSEND = YES;
				GCC_C_LANGUAGE_STANDARD = gnu11;
				GCC_NO_COMMON_BLOCKS = YES;
				GCC_WARN_64_TO_32_BIT_CONVERSION = YES;
				GCC_WARN_ABOUT_RETURN_TYPE = YES_ERROR;
				GCC_WARN_UNDECLARED_SELECTOR = YES;
				GCC_WARN_UNINITIALIZED_AUTOS = YES_AGGRESSIVE;
				GCC_WARN_UNUSED_FUNCTION = YES;
				GCC_WARN_UNUSED_VARIABLE = YES;
				IPHONEOS_DEPLOYMENT_TARGET = 11.4;
				MTL_ENABLE_DEBUG_INFO = NO;
				SDKROOT = iphoneos;
				SWIFT_COMPILATION_MODE = wholemodule;
				SWIFT_OPTIMIZATION_LEVEL = "-O";
				VALIDATE_PRODUCT = YES;
			};
			name = Release;
		};
		B6589B7A2129D05A003E1205 /* Debug */ = {
			isa = XCBuildConfiguration;
			baseConfigurationReference = 9A231B941D2FCA939C142F2E /* Pods-Feeling.debug.xcconfig */;
			buildSettings = {
				ASSETCATALOG_COMPILER_APPICON_NAME = AppIcon;
				CODE_SIGN_STYLE = Automatic;
				DEVELOPMENT_TEAM = 792V77RLPU;
				INFOPLIST_FILE = Feeling/Info.plist;
				LD_RUNPATH_SEARCH_PATHS = (
					"$(inherited)",
					"@executable_path/Frameworks",
				);
				PRODUCT_BUNDLE_IDENTIFIER = com.Drogs.Feeling;
				PRODUCT_NAME = "$(TARGET_NAME)";
				SWIFT_VERSION = 4.2;
				TARGETED_DEVICE_FAMILY = "1,2";
			};
			name = Debug;
		};
		B6589B7B2129D05A003E1205 /* Release */ = {
			isa = XCBuildConfiguration;
			baseConfigurationReference = 73BCC9A62DE65B36CC8EC52E /* Pods-Feeling.release.xcconfig */;
			buildSettings = {
				ASSETCATALOG_COMPILER_APPICON_NAME = AppIcon;
				CODE_SIGN_STYLE = Automatic;
				DEVELOPMENT_TEAM = 792V77RLPU;
				INFOPLIST_FILE = Feeling/Info.plist;
				LD_RUNPATH_SEARCH_PATHS = (
					"$(inherited)",
					"@executable_path/Frameworks",
				);
				PRODUCT_BUNDLE_IDENTIFIER = com.Drogs.Feeling;
				PRODUCT_NAME = "$(TARGET_NAME)";
				SWIFT_VERSION = 4.2;
				TARGETED_DEVICE_FAMILY = "1,2";
			};
			name = Release;
		};
		B6589B7D2129D05A003E1205 /* Debug */ = {
			isa = XCBuildConfiguration;
			baseConfigurationReference = EC8BE3E5835CB824CFCD2E7F /* Pods-FeelingTests.debug.xcconfig */;
			buildSettings = {
				ALWAYS_EMBED_SWIFT_STANDARD_LIBRARIES = YES;
				BUNDLE_LOADER = "$(TEST_HOST)";
				CODE_SIGN_STYLE = Automatic;
				INFOPLIST_FILE = FeelingTests/Info.plist;
				LD_RUNPATH_SEARCH_PATHS = (
					"$(inherited)",
					"@executable_path/Frameworks",
					"@loader_path/Frameworks",
				);
				PRODUCT_BUNDLE_IDENTIFIER = com.Drogs.FeelingTests;
				PRODUCT_NAME = "$(TARGET_NAME)";
				SWIFT_VERSION = 4.2;
				TARGETED_DEVICE_FAMILY = "1,2";
				TEST_HOST = "$(BUILT_PRODUCTS_DIR)/Feeling.app/Feeling";
			};
			name = Debug;
		};
		B6589B7E2129D05A003E1205 /* Release */ = {
			isa = XCBuildConfiguration;
			baseConfigurationReference = C0775D23AD9762E964ADCF9E /* Pods-FeelingTests.release.xcconfig */;
			buildSettings = {
				ALWAYS_EMBED_SWIFT_STANDARD_LIBRARIES = YES;
				BUNDLE_LOADER = "$(TEST_HOST)";
				CODE_SIGN_STYLE = Automatic;
				INFOPLIST_FILE = FeelingTests/Info.plist;
				LD_RUNPATH_SEARCH_PATHS = (
					"$(inherited)",
					"@executable_path/Frameworks",
					"@loader_path/Frameworks",
				);
				PRODUCT_BUNDLE_IDENTIFIER = com.Drogs.FeelingTests;
				PRODUCT_NAME = "$(TARGET_NAME)";
				SWIFT_VERSION = 4.2;
				TARGETED_DEVICE_FAMILY = "1,2";
				TEST_HOST = "$(BUILT_PRODUCTS_DIR)/Feeling.app/Feeling";
			};
			name = Release;
		};
		B6589B802129D05A003E1205 /* Debug */ = {
			isa = XCBuildConfiguration;
			baseConfigurationReference = 5D597D38F6B6590AC6B69B3B /* Pods-FeelingUITests.debug.xcconfig */;
			buildSettings = {
				ALWAYS_EMBED_SWIFT_STANDARD_LIBRARIES = YES;
				CODE_SIGN_STYLE = Automatic;
				INFOPLIST_FILE = FeelingUITests/Info.plist;
				LD_RUNPATH_SEARCH_PATHS = (
					"$(inherited)",
					"@executable_path/Frameworks",
					"@loader_path/Frameworks",
				);
				PRODUCT_BUNDLE_IDENTIFIER = com.Drogs.FeelingUITests;
				PRODUCT_NAME = "$(TARGET_NAME)";
				SWIFT_VERSION = 4.2;
				TARGETED_DEVICE_FAMILY = "1,2";
				TEST_TARGET_NAME = Feeling;
			};
			name = Debug;
		};
		B6589B812129D05A003E1205 /* Release */ = {
			isa = XCBuildConfiguration;
			baseConfigurationReference = D4352E72E8558E67C93520FD /* Pods-FeelingUITests.release.xcconfig */;
			buildSettings = {
				ALWAYS_EMBED_SWIFT_STANDARD_LIBRARIES = YES;
				CODE_SIGN_STYLE = Automatic;
				INFOPLIST_FILE = FeelingUITests/Info.plist;
				LD_RUNPATH_SEARCH_PATHS = (
					"$(inherited)",
					"@executable_path/Frameworks",
					"@loader_path/Frameworks",
				);
				PRODUCT_BUNDLE_IDENTIFIER = com.Drogs.FeelingUITests;
				PRODUCT_NAME = "$(TARGET_NAME)";
				SWIFT_VERSION = 4.2;
				TARGETED_DEVICE_FAMILY = "1,2";
				TEST_TARGET_NAME = Feeling;
			};
			name = Release;
		};
/* End XCBuildConfiguration section */

/* Begin XCConfigurationList section */
		B6589B4C2129D052003E1205 /* Build configuration list for PBXProject "Feeling" */ = {
			isa = XCConfigurationList;
			buildConfigurations = (
				B6589B772129D05A003E1205 /* Debug */,
				B6589B782129D05A003E1205 /* Release */,
			);
			defaultConfigurationIsVisible = 0;
			defaultConfigurationName = Release;
		};
		B6589B792129D05A003E1205 /* Build configuration list for PBXNativeTarget "Feeling" */ = {
			isa = XCConfigurationList;
			buildConfigurations = (
				B6589B7A2129D05A003E1205 /* Debug */,
				B6589B7B2129D05A003E1205 /* Release */,
			);
			defaultConfigurationIsVisible = 0;
			defaultConfigurationName = Release;
		};
		B6589B7C2129D05A003E1205 /* Build configuration list for PBXNativeTarget "FeelingTests" */ = {
			isa = XCConfigurationList;
			buildConfigurations = (
				B6589B7D2129D05A003E1205 /* Debug */,
				B6589B7E2129D05A003E1205 /* Release */,
			);
			defaultConfigurationIsVisible = 0;
			defaultConfigurationName = Release;
		};
		B6589B7F2129D05A003E1205 /* Build configuration list for PBXNativeTarget "FeelingUITests" */ = {
			isa = XCConfigurationList;
			buildConfigurations = (
				B6589B802129D05A003E1205 /* Debug */,
				B6589B812129D05A003E1205 /* Release */,
			);
			defaultConfigurationIsVisible = 0;
			defaultConfigurationName = Release;
		};
/* End XCConfigurationList section */
	};
	rootObject = B6589B492129D052003E1205 /* Project object */;
}
